{
  "name": "init",
  "lockfileVersion": 3,
  "requires": true,
  "packages": {
    "": {
      "dependencies": {
        "@prisma/client": "^4.7.0"
      },
      "devDependencies": {
        "prisma": "^4.7.0"
      }
    },
    "node_modules/@prisma/client": {
      "version": "4.7.0",
      "resolved": "https://registry.npmjs.org/@prisma/client/-/client-4.7.0.tgz",
      "integrity": "sha512-keXMa0oJWJGOzMEFKp+CEgzJPwnOtGSrnTWw6qMYxnypYrRFdNxqyA06EzELZexBhgM4oLooZ1jDJ3iy46wExA==",
      "hasInstallScript": true,
      "dependencies": {
        "@prisma/engines-version": "4.7.0-74.39190b250ebc338586e25e6da45e5e783bc8a635"
      },
      "engines": {
        "node": ">=14.17"
      },
      "peerDependencies": {
        "prisma": "*"
      },
      "peerDependenciesMeta": {
        "prisma": {
          "optional": true
        }
      }
    },
    "node_modules/@prisma/engines": {
      "version": "4.7.0",
      "resolved": "https://registry.npmjs.org/@prisma/engines/-/engines-4.7.0.tgz",
      "integrity": "sha512-afKrVFktaZ1pOK12/uFl2hRsBWIJZuC5FdDtacuKk5x/mR+rC5AbA+PlN3ZCZbmYTaeiBMHjcU5wbT5z2N3nSQ==",
      "devOptional": true,
      "hasInstallScript": true
    },
    "node_modules/@prisma/engines-version": {
      "version": "4.7.0-74.39190b250ebc338586e25e6da45e5e783bc8a635",
      "resolved": "https://registry.npmjs.org/@prisma/engines-version/-/engines-version-4.7.0-74.39190b250ebc338586e25e6da45e5e783bc8a635.tgz",
      "integrity": "sha512-ImczGEQ8NS1OUApEeyAGxC4uLTtQp0wI1+2wM4MeQLVwIQbyMHk1vOhWWE8Pwbi3rnzLcPvsIrd9sm6oNXhERw=="
    },
    "node_modules/prisma": {
      "version": "4.7.0",
      "resolved": "https://registry.npmjs.org/prisma/-/prisma-4.7.0.tgz",
      "integrity": "sha512-VsecNo0Ca3+bDTzSpJqIpdupKVhhQ8aOYeWc09JlUM89knqvhSrlMrg0U8BiOD4tFrY1OPaCcraK8leDBxKMBg==",
      "devOptional": true,
      "hasInstallScript": true,
      "dependencies": {
        "@prisma/engines": "4.7.0"
      },
      "bin": {
        "prisma": "build/index.js",
        "prisma2": "build/index.js"
      },
      "engines": {
        "node": ">=14.17"
      }
    }
  }
}
