// !$*UTF8*$!
{
	archiveVersion = 1;
	classes = {
	};
	objectVersion = 56;
	objects = {

/* Begin PBXBuildFile section */
		DFC837402948D59900EDC360 /* Alpaca_BlueApp.swift in Sources */ = {isa = PBXBuildFile; fileRef = DFC8373F2948D59900EDC360 /* Alpaca_BlueApp.swift */; };
		DFC837422948D59900EDC360 /* ContentView.swift in Sources */ = {isa = PBXBuildFile; fileRef = DFC837412948D59900EDC360 /* ContentView.swift */; };
		DFC837442948D59A00EDC360 /* Assets.xcassets in Resources */ = {isa = PBXBuildFile; fileRef = DFC837432948D59A00EDC360 /* Assets.xcassets */; };
		DFC837472948D59A00EDC360 /* Preview Assets.xcassets in Resources */ = {isa = PBXBuildFile; fileRef = DFC837462948D59A00EDC360 /* Preview Assets.xcassets */; };
		DFC837512948D59A00EDC360 /* Alpaca_BlueTests.swift in Sources */ = {isa = PBXBuildFile; fileRef = DFC837502948D59A00EDC360 /* Alpaca_BlueTests.swift */; };
		DFC8375B2948D59A00EDC360 /* Alpaca_BlueUITests.swift in Sources */ = {isa = PBXBuildFile; fileRef = DFC8375A2948D59A00EDC360 /* Alpaca_BlueUITests.swift */; };
		DFC8375D2948D59A00EDC360 /* Alpaca_BlueUITestsLaunchTests.swift in Sources */ = {isa = PBXBuildFile; fileRef = DFC8375C2948D59A00EDC360 /* Alpaca_BlueUITestsLaunchTests.swift */; };
/* End PBXBuildFile section */

/* Begin PBXContainerItemProxy section */
		DFC8374D2948D59A00EDC360 /* PBXContainerItemProxy */ = {
			isa = PBXContainerItemProxy;
			containerPortal = DFC837342948D59900EDC360 /* Project object */;
			proxyType = 1;
			remoteGlobalIDString = DFC8373B2948D59900EDC360;
			remoteInfo = "Alpaca Blue";
		};
		DFC837572948D59A00EDC360 /* PBXContainerItemProxy */ = {
			isa = PBXContainerItemProxy;
			containerPortal = DFC837342948D59900EDC360 /* Project object */;
			proxyType = 1;
			remoteGlobalIDString = DFC8373B2948D59900EDC360;
			remoteInfo = "Alpaca Blue";
		};
/* End PBXContainerItemProxy section */

/* Begin PBXFileReference section */
		DFC8373C2948D59900EDC360 /* Alpaca Blue.app */ = {isa = PBXFileReference; explicitFileType = wrapper.application; includeInIndex = 0; path = "Alpaca Blue.app"; sourceTree = BUILT_PRODUCTS_DIR; };
		DFC8373F2948D59900EDC360 /* Alpaca_BlueApp.swift */ = {isa = PBXFileReference; lastKnownFileType = sourcecode.swift; path = Alpaca_BlueApp.swift; sourceTree = "<group>"; };
		DFC837412948D59900EDC360 /* ContentView.swift */ = {isa = PBXFileReference; lastKnownFileType = sourcecode.swift; path = ContentView.swift; sourceTree = "<group>"; };
		DFC837432948D59A00EDC360 /* Assets.xcassets */ = {isa = PBXFileReference; lastKnownFileType = folder.assetcatalog; path = Assets.xcassets; sourceTree = "<group>"; };
		DFC837462948D59A00EDC360 /* Preview Assets.xcassets */ = {isa = PBXFileReference; lastKnownFileType = folder.assetcatalog; path = "Preview Assets.xcassets"; sourceTree = "<group>"; };
		DFC8374C2948D59A00EDC360 /* Alpaca BlueTests.xctest */ = {isa = PBXFileReference; explicitFileType = wrapper.cfbundle; includeInIndex = 0; path = "Alpaca BlueTests.xctest"; sourceTree = BUILT_PRODUCTS_DIR; };
		DFC837502948D59A00EDC360 /* Alpaca_BlueTests.swift */ = {isa = PBXFileReference; lastKnownFileType = sourcecode.swift; path = Alpaca_BlueTests.swift; sourceTree = "<group>"; };
		DFC837562948D59A00EDC360 /* Alpaca BlueUITests.xctest */ = {isa = PBXFileReference; explicitFileType = wrapper.cfbundle; includeInIndex = 0; path = "Alpaca BlueUITests.xctest"; sourceTree = BUILT_PRODUCTS_DIR; };
		DFC8375A2948D59A00EDC360 /* Alpaca_BlueUITests.swift */ = {isa = PBXFileReference; lastKnownFileType = sourcecode.swift; path = Alpaca_BlueUITests.swift; sourceTree = "<group>"; };
		DFC8375C2948D59A00EDC360 /* Alpaca_BlueUITestsLaunchTests.swift */ = {isa = PBXFileReference; lastKnownFileType = sourcecode.swift; path = Alpaca_BlueUITestsLaunchTests.swift; sourceTree = "<group>"; };
/* End PBXFileReference section */

/* Begin PBXFrameworksBuildPhase section */
		DFC837392948D59900EDC360 /* Frameworks */ = {
			isa = PBXFrameworksBuildPhase;
			buildActionMask = 2147483647;
			files = (
			);
			runOnlyForDeploymentPostprocessing = 0;
		};
		DFC837492948D59A00EDC360 /* Frameworks */ = {
			isa = PBXFrameworksBuildPhase;
			buildActionMask = 2147483647;
			files = (
			);
			runOnlyForDeploymentPostprocessing = 0;
		};
		DFC837532948D59A00EDC360 /* Frameworks */ = {
			isa = PBXFrameworksBuildPhase;
			buildActionMask = 2147483647;
			files = (
			);
			runOnlyForDeploymentPostprocessing = 0;
		};
/* End PBXFrameworksBuildPhase section */

/* Begin PBXGroup section */
		DFC837332948D59900EDC360 = {
			isa = PBXGroup;
			children = (
				DFC8373E2948D59900EDC360 /* Alpaca Blue */,
				DFC8374F2948D59A00EDC360 /* Alpaca BlueTests */,
				DFC837592948D59A00EDC360 /* Alpaca BlueUITests */,
				DFC8373D2948D59900EDC360 /* Products */,
			);
			sourceTree = "<group>";
		};
		DFC8373D2948D59900EDC360 /* Products */ = {
			isa = PBXGroup;
			children = (
				DFC8373C2948D59900EDC360 /* Alpaca Blue.app */,
				DFC8374C2948D59A00EDC360 /* Alpaca BlueTests.xctest */,
				DFC837562948D59A00EDC360 /* Alpaca BlueUITests.xctest */,
			);
			name = Products;
			sourceTree = "<group>";
		};
		DFC8373E2948D59900EDC360 /* Alpaca Blue */ = {
			isa = PBXGroup;
			children = (
				DFC8373F2948D59900EDC360 /* Alpaca_BlueApp.swift */,
				DFC837412948D59900EDC360 /* ContentView.swift */,
				DFC837432948D59A00EDC360 /* Assets.xcassets */,
				DFC837452948D59A00EDC360 /* Preview Content */,
			);
			path = "Alpaca Blue";
			sourceTree = "<group>";
		};
		DFC837452948D59A00EDC360 /* Preview Content */ = {
			isa = PBXGroup;
			children = (
				DFC837462948D59A00EDC360 /* Preview Assets.xcassets */,
			);
			path = "Preview Content";
			sourceTree = "<group>";
		};
		DFC8374F2948D59A00EDC360 /* Alpaca BlueTests */ = {
			isa = PBXGroup;
			children = (
				DFC837502948D59A00EDC360 /* Alpaca_BlueTests.swift */,
			);
			path = "Alpaca BlueTests";
			sourceTree = "<group>";
		};
		DFC837592948D59A00EDC360 /* Alpaca BlueUITests */ = {
			isa = PBXGroup;
			children = (
				DFC8375A2948D59A00EDC360 /* Alpaca_BlueUITests.swift */,
				DFC8375C2948D59A00EDC360 /* Alpaca_BlueUITestsLaunchTests.swift */,
			);
			path = "Alpaca BlueUITests";
			sourceTree = "<group>";
		};
/* End PBXGroup section */

/* Begin PBXNativeTarget section */
		DFC8373B2948D59900EDC360 /* Alpaca Blue */ = {
			isa = PBXNativeTarget;
			buildConfigurationList = DFC837602948D59A00EDC360 /* Build configuration list for PBXNativeTarget "Alpaca Blue" */;
			buildPhases = (
				DFC837382948D59900EDC360 /* Sources */,
				DFC837392948D59900EDC360 /* Frameworks */,
				DFC8373A2948D59900EDC360 /* Resources */,
			);
			buildRules = (
			);
			dependencies = (
			);
			name = "Alpaca Blue";
			productName = "Alpaca Blue";
			productReference = DFC8373C2948D59900EDC360 /* Alpaca Blue.app */;
			productType = "com.apple.product-type.application";
		};
		DFC8374B2948D59A00EDC360 /* Alpaca BlueTests */ = {
			isa = PBXNativeTarget;
			buildConfigurationList = DFC837632948D59A00EDC360 /* Build configuration list for PBXNativeTarget "Alpaca BlueTests" */;
			buildPhases = (
				DFC837482948D59A00EDC360 /* Sources */,
				DFC837492948D59A00EDC360 /* Frameworks */,
				DFC8374A2948D59A00EDC360 /* Resources */,
			);
			buildRules = (
			);
			dependencies = (
				DFC8374E2948D59A00EDC360 /* PBXTargetDependency */,
			);
			name = "Alpaca BlueTests";
			productName = "Alpaca BlueTests";
			productReference = DFC8374C2948D59A00EDC360 /* Alpaca BlueTests.xctest */;
			productType = "com.apple.product-type.bundle.unit-test";
		};
		DFC837552948D59A00EDC360 /* Alpaca BlueUITests */ = {
			isa = PBXNativeTarget;
			buildConfigurationList = DFC837662948D59A00EDC360 /* Build configuration list for PBXNativeTarget "Alpaca BlueUITests" */;
			buildPhases = (
				DFC837522948D59A00EDC360 /* Sources */,
				DFC837532948D59A00EDC360 /* Frameworks */,
				DFC837542948D59A00EDC360 /* Resources */,
			);
			buildRules = (
			);
			dependencies = (
				DFC837582948D59A00EDC360 /* PBXTargetDependency */,
			);
			name = "Alpaca BlueUITests";
			productName = "Alpaca BlueUITests";
			productReference = DFC837562948D59A00EDC360 /* Alpaca BlueUITests.xctest */;
			productType = "com.apple.product-type.bundle.ui-testing";
		};
/* End PBXNativeTarget section */

/* Begin PBXProject section */
		DFC837342948D59900EDC360 /* Project object */ = {
			isa = PBXProject;
			attributes = {
				BuildIndependentTargetsInParallel = 1;
				LastSwiftUpdateCheck = 1410;
				LastUpgradeCheck = 1410;
				TargetAttributes = {
					DFC8373B2948D59900EDC360 = {
						CreatedOnToolsVersion = 14.1;
					};
					DFC8374B2948D59A00EDC360 = {
						CreatedOnToolsVersion = 14.1;
						TestTargetID = DFC8373B2948D59900EDC360;
					};
					DFC837552948D59A00EDC360 = {
						CreatedOnToolsVersion = 14.1;
						TestTargetID = DFC8373B2948D59900EDC360;
					};
				};
			};
			buildConfigurationList = DFC837372948D59900EDC360 /* Build configuration list for PBXProject "Alpaca Blue" */;
			compatibilityVersion = "Xcode 14.0";
			developmentRegion = en;
			hasScannedForEncodings = 0;
			knownRegions = (
				en,
				Base,
			);
			mainGroup = DFC837332948D59900EDC360;
			productRefGroup = DFC8373D2948D59900EDC360 /* Products */;
			projectDirPath = "";
			projectRoot = "";
			targets = (
				DFC8373B2948D59900EDC360 /* Alpaca Blue */,
				DFC8374B2948D59A00EDC360 /* Alpaca BlueTests */,
				DFC837552948D59A00EDC360 /* Alpaca BlueUITests */,
			);
		};
/* End PBXProject section */

/* Begin PBXResourcesBuildPhase section */
		DFC8373A2948D59900EDC360 /* Resources */ = {
			isa = PBXResourcesBuildPhase;
			buildActionMask = 2147483647;
			files = (
				DFC837472948D59A00EDC360 /* Preview Assets.xcassets in Resources */,
				DFC837442948D59A00EDC360 /* Assets.xcassets in Resources */,
			);
			runOnlyForDeploymentPostprocessing = 0;
		};
		DFC8374A2948D59A00EDC360 /* Resources */ = {
			isa = PBXResourcesBuildPhase;
			buildActionMask = 2147483647;
			files = (
			);
			runOnlyForDeploymentPostprocessing = 0;
		};
		DFC837542948D59A00EDC360 /* Resources */ = {
			isa = PBXResourcesBuildPhase;
			buildActionMask = 2147483647;
			files = (
			);
			runOnlyForDeploymentPostprocessing = 0;
		};
/* End PBXResourcesBuildPhase section */

/* Begin PBXSourcesBuildPhase section */
		DFC837382948D59900EDC360 /* Sources */ = {
			isa = PBXSourcesBuildPhase;
			buildActionMask = 2147483647;
			files = (
				DFC837422948D59900EDC360 /* ContentView.swift in Sources */,
				DFC837402948D59900EDC360 /* Alpaca_BlueApp.swift in Sources */,
			);
			runOnlyForDeploymentPostprocessing = 0;
		};
		DFC837482948D59A00EDC360 /* Sources */ = {
			isa = PBXSourcesBuildPhase;
			buildActionMask = 2147483647;
			files = (
				DFC837512948D59A00EDC360 /* Alpaca_BlueTests.swift in Sources */,
			);
			runOnlyForDeploymentPostprocessing = 0;
		};
		DFC837522948D59A00EDC360 /* Sources */ = {
			isa = PBXSourcesBuildPhase;
			buildActionMask = 2147483647;
			files = (
				DFC8375D2948D59A00EDC360 /* Alpaca_BlueUITestsLaunchTests.swift in Sources */,
				DFC8375B2948D59A00EDC360 /* Alpaca_BlueUITests.swift in Sources */,
			);
			runOnlyForDeploymentPostprocessing = 0;
		};
/* End PBXSourcesBuildPhase section */

/* Begin PBXTargetDependency section */
		DFC8374E2948D59A00EDC360 /* PBXTargetDependency */ = {
			isa = PBXTargetDependency;
			target = DFC8373B2948D59900EDC360 /* Alpaca Blue */;
			targetProxy = DFC8374D2948D59A00EDC360 /* PBXContainerItemProxy */;
		};
		DFC837582948D59A00EDC360 /* PBXTargetDependency */ = {
			isa = PBXTargetDependency;
			target = DFC8373B2948D59900EDC360 /* Alpaca Blue */;
			targetProxy = DFC837572948D59A00EDC360 /* PBXContainerItemProxy */;
		};
/* End PBXTargetDependency section */

/* Begin XCBuildConfiguration section */
		DFC8375E2948D59A00EDC360 /* Debug */ = {
			isa = XCBuildConfiguration;
			buildSettings = {
				ALWAYS_SEARCH_USER_PATHS = NO;
				CLANG_ANALYZER_NONNULL = YES;
				CLANG_ANALYZER_NUMBER_OBJECT_CONVERSION = YES_AGGRESSIVE;
				CLANG_CXX_LANGUAGE_STANDARD = "gnu++20";
				CLANG_ENABLE_MODULES = YES;
				CLANG_ENABLE_OBJC_ARC = YES;
				CLANG_ENABLE_OBJC_WEAK = YES;
				CLANG_WARN_BLOCK_CAPTURE_AUTORELEASING = YES;
				CLANG_WARN_BOOL_CONVERSION = YES;
				CLANG_WARN_COMMA = YES;
				CLANG_WARN_CONSTANT_CONVERSION = YES;
				CLANG_WARN_DEPRECATED_OBJC_IMPLEMENTATIONS = YES;
				CLANG_WARN_DIRECT_OBJC_ISA_USAGE = YES_ERROR;
				CLANG_WARN_DOCUMENTATION_COMMENTS = YES;
				CLANG_WARN_EMPTY_BODY = YES;
				CLANG_WARN_ENUM_CONVERSION = YES;
				CLANG_WARN_INFINITE_RECURSION = YES;
				CLANG_WARN_INT_CONVERSION = YES;
				CLANG_WARN_NON_LITERAL_NULL_CONVERSION = YES;
				CLANG_WARN_OBJC_IMPLICIT_RETAIN_SELF = YES;
				CLANG_WARN_OBJC_LITERAL_CONVERSION = YES;
				CLANG_WARN_OBJC_ROOT_CLASS = YES_ERROR;
				CLANG_WARN_QUOTED_INCLUDE_IN_FRAMEWORK_HEADER = YES;
				CLANG_WARN_RANGE_LOOP_ANALYSIS = YES;
				CLANG_WARN_STRICT_PROTOTYPES = YES;
				CLANG_WARN_SUSPICIOUS_MOVE = YES;
				CLANG_WARN_UNGUARDED_AVAILABILITY = YES_AGGRESSIVE;
				CLANG_WARN_UNREACHABLE_CODE = YES;
				CLANG_WARN__DUPLICATE_METHOD_MATCH = YES;
				COPY_PHASE_STRIP = NO;
				DEBUG_INFORMATION_FORMAT = dwarf;
				ENABLE_STRICT_OBJC_MSGSEND = YES;
				ENABLE_TESTABILITY = YES;
				GCC_C_LANGUAGE_STANDARD = gnu11;
				GCC_DYNAMIC_NO_PIC = NO;
				GCC_NO_COMMON_BLOCKS = YES;
				GCC_OPTIMIZATION_LEVEL = 0;
				GCC_PREPROCESSOR_DEFINITIONS = (
					"DEBUG=1",
					"$(inherited)",
				);
				GCC_WARN_64_TO_32_BIT_CONVERSION = YES;
				GCC_WARN_ABOUT_RETURN_TYPE = YES_ERROR;
				GCC_WARN_UNDECLARED_SELECTOR = YES;
				GCC_WARN_UNINITIALIZED_AUTOS = YES_AGGRESSIVE;
				GCC_WARN_UNUSED_FUNCTION = YES;
				GCC_WARN_UNUSED_VARIABLE = YES;
				IPHONEOS_DEPLOYMENT_TARGET = 16.1;
				MTL_ENABLE_DEBUG_INFO = INCLUDE_SOURCE;
				MTL_FAST_MATH = YES;
				ONLY_ACTIVE_ARCH = YES;
				SDKROOT = iphoneos;
				SWIFT_ACTIVE_COMPILATION_CONDITIONS = DEBUG;
				SWIFT_OPTIMIZATION_LEVEL = "-Onone";
			};
			name = Debug;
		};
		DFC8375F2948D59A00EDC360 /* Release */ = {
			isa = XCBuildConfiguration;
			buildSettings = {
				ALWAYS_SEARCH_USER_PATHS = NO;
				CLANG_ANALYZER_NONNULL = YES;
				CLANG_ANALYZER_NUMBER_OBJECT_CONVERSION = YES_AGGRESSIVE;
				CLANG_CXX_LANGUAGE_STANDARD = "gnu++20";
				CLANG_ENABLE_MODULES = YES;
				CLANG_ENABLE_OBJC_ARC = YES;
				CLANG_ENABLE_OBJC_WEAK = YES;
				CLANG_WARN_BLOCK_CAPTURE_AUTORELEASING = YES;
				CLANG_WARN_BOOL_CONVERSION = YES;
				CLANG_WARN_COMMA = YES;
				CLANG_WARN_CONSTANT_CONVERSION = YES;
				CLANG_WARN_DEPRECATED_OBJC_IMPLEMENTATIONS = YES;
				CLANG_WARN_DIRECT_OBJC_ISA_USAGE = YES_ERROR;
				CLANG_WARN_DOCUMENTATION_COMMENTS = YES;
				CLANG_WARN_EMPTY_BODY = YES;
				CLANG_WARN_ENUM_CONVERSION = YES;
				CLANG_WARN_INFINITE_RECURSION = YES;
				CLANG_WARN_INT_CONVERSION = YES;
				CLANG_WARN_NON_LITERAL_NULL_CONVERSION = YES;
				CLANG_WARN_OBJC_IMPLICIT_RETAIN_SELF = YES;
				CLANG_WARN_OBJC_LITERAL_CONVERSION = YES;
				CLANG_WARN_OBJC_ROOT_CLASS = YES_ERROR;
				CLANG_WARN_QUOTED_INCLUDE_IN_FRAMEWORK_HEADER = YES;
				CLANG_WARN_RANGE_LOOP_ANALYSIS = YES;
				CLANG_WARN_STRICT_PROTOTYPES = YES;
				CLANG_WARN_SUSPICIOUS_MOVE = YES;
				CLANG_WARN_UNGUARDED_AVAILABILITY = YES_AGGRESSIVE;
				CLANG_WARN_UNREACHABLE_CODE = YES;
				CLANG_WARN__DUPLICATE_METHOD_MATCH = YES;
				COPY_PHASE_STRIP = NO;
				DEBUG_INFORMATION_FORMAT = "dwarf-with-dsym";
				ENABLE_NS_ASSERTIONS = NO;
				ENABLE_STRICT_OBJC_MSGSEND = YES;
				GCC_C_LANGUAGE_STANDARD = gnu11;
				GCC_NO_COMMON_BLOCKS = YES;
				GCC_WARN_64_TO_32_BIT_CONVERSION = YES;
				GCC_WARN_ABOUT_RETURN_TYPE = YES_ERROR;
				GCC_WARN_UNDECLARED_SELECTOR = YES;
				GCC_WARN_UNINITIALIZED_AUTOS = YES_AGGRESSIVE;
				GCC_WARN_UNUSED_FUNCTION = YES;
				GCC_WARN_UNUSED_VARIABLE = YES;
				IPHONEOS_DEPLOYMENT_TARGET = 16.1;
				MTL_ENABLE_DEBUG_INFO = NO;
				MTL_FAST_MATH = YES;
				SDKROOT = iphoneos;
				SWIFT_COMPILATION_MODE = wholemodule;
				SWIFT_OPTIMIZATION_LEVEL = "-O";
				VALIDATE_PRODUCT = YES;
			};
			name = Release;
		};
		DFC837612948D59A00EDC360 /* Debug */ = {
			isa = XCBuildConfiguration;
			buildSettings = {
				ASSETCATALOG_COMPILER_APPICON_NAME = AppIcon;
				ASSETCATALOG_COMPILER_GLOBAL_ACCENT_COLOR_NAME = AccentColor;
				CODE_SIGN_STYLE = Automatic;
				CURRENT_PROJECT_VERSION = 1;
				DEVELOPMENT_ASSET_PATHS = "\"Alpaca Blue/Preview Content\"";
				DEVELOPMENT_TEAM = R3GM2SBH67;
				ENABLE_PREVIEWS = YES;
				GENERATE_INFOPLIST_FILE = YES;
				INFOPLIST_KEY_UIApplicationSceneManifest_Generation = YES;
				INFOPLIST_KEY_UIApplicationSupportsIndirectInputEvents = YES;
				INFOPLIST_KEY_UILaunchScreen_Generation = YES;
				INFOPLIST_KEY_UISupportedInterfaceOrientations_iPad = "UIInterfaceOrientationPortrait UIInterfaceOrientationPortraitUpsideDown UIInterfaceOrientationLandscapeLeft UIInterfaceOrientationLandscapeRight";
				INFOPLIST_KEY_UISupportedInterfaceOrientations_iPhone = "UIInterfaceOrientationPortrait UIInterfaceOrientationLandscapeLeft UIInterfaceOrientationLandscapeRight";
				LD_RUNPATH_SEARCH_PATHS = (
					"$(inherited)",
					"@executable_path/Frameworks",
				);
				MARKETING_VERSION = 1.0;
				PRODUCT_BUNDLE_IDENTIFIER = "Seldo.com.Alpaca-Blue";
				PRODUCT_NAME = "$(TARGET_NAME)";
				SWIFT_EMIT_LOC_STRINGS = YES;
				SWIFT_VERSION = 5.0;
				TARGETED_DEVICE_FAMILY = "1,2";
			};
			name = Debug;
		};
		DFC837622948D59A00EDC360 /* Release */ = {
			isa = XCBuildConfiguration;
			buildSettings = {
				ASSETCATALOG_COMPILER_APPICON_NAME = AppIcon;
				ASSETCATALOG_COMPILER_GLOBAL_ACCENT_COLOR_NAME = AccentColor;
				CODE_SIGN_STYLE = Automatic;
				CURRENT_PROJECT_VERSION = 1;
				DEVELOPMENT_ASSET_PATHS = "\"Alpaca Blue/Preview Content\"";
				DEVELOPMENT_TEAM = R3GM2SBH67;
				ENABLE_PREVIEWS = YES;
				GENERATE_INFOPLIST_FILE = YES;
				INFOPLIST_KEY_UIApplicationSceneManifest_Generation = YES;
				INFOPLIST_KEY_UIApplicationSupportsIndirectInputEvents = YES;
				INFOPLIST_KEY_UILaunchScreen_Generation = YES;
				INFOPLIST_KEY_UISupportedInterfaceOrientations_iPad = "UIInterfaceOrientationPortrait UIInterfaceOrientationPortraitUpsideDown UIInterfaceOrientationLandscapeLeft UIInterfaceOrientationLandscapeRight";
				INFOPLIST_KEY_UISupportedInterfaceOrientations_iPhone = "UIInterfaceOrientationPortrait UIInterfaceOrientationLandscapeLeft UIInterfaceOrientationLandscapeRight";
				LD_RUNPATH_SEARCH_PATHS = (
					"$(inherited)",
					"@executable_path/Frameworks",
				);
				MARKETING_VERSION = 1.0;
				PRODUCT_BUNDLE_IDENTIFIER = "Seldo.com.Alpaca-Blue";
				PRODUCT_NAME = "$(TARGET_NAME)";
				SWIFT_EMIT_LOC_STRINGS = YES;
				SWIFT_VERSION = 5.0;
				TARGETED_DEVICE_FAMILY = "1,2";
			};
			name = Release;
		};
		DFC837642948D59A00EDC360 /* Debug */ = {
			isa = XCBuildConfiguration;
			buildSettings = {
				ALWAYS_EMBED_SWIFT_STANDARD_LIBRARIES = YES;
				BUNDLE_LOADER = "$(TEST_HOST)";
				CODE_SIGN_STYLE = Automatic;
				CURRENT_PROJECT_VERSION = 1;
				DEVELOPMENT_TEAM = R3GM2SBH67;
				GENERATE_INFOPLIST_FILE = YES;
				IPHONEOS_DEPLOYMENT_TARGET = 16.1;
				MARKETING_VERSION = 1.0;
				PRODUCT_BUNDLE_IDENTIFIER = "Seldo.com.Alpaca-BlueTests";
				PRODUCT_NAME = "$(TARGET_NAME)";
				SWIFT_EMIT_LOC_STRINGS = NO;
				SWIFT_VERSION = 5.0;
				TARGETED_DEVICE_FAMILY = "1,2";
				TEST_HOST = "$(BUILT_PRODUCTS_DIR)/Alpaca Blue.app/$(BUNDLE_EXECUTABLE_FOLDER_PATH)/Alpaca Blue";
			};
			name = Debug;
		};
		DFC837652948D59A00EDC360 /* Release */ = {
			isa = XCBuildConfiguration;
			buildSettings = {
				ALWAYS_EMBED_SWIFT_STANDARD_LIBRARIES = YES;
				BUNDLE_LOADER = "$(TEST_HOST)";
				CODE_SIGN_STYLE = Automatic;
				CURRENT_PROJECT_VERSION = 1;
				DEVELOPMENT_TEAM = R3GM2SBH67;
				GENERATE_INFOPLIST_FILE = YES;
				IPHONEOS_DEPLOYMENT_TARGET = 16.1;
				MARKETING_VERSION = 1.0;
				PRODUCT_BUNDLE_IDENTIFIER = "Seldo.com.Alpaca-BlueTests";
				PRODUCT_NAME = "$(TARGET_NAME)";
				SWIFT_EMIT_LOC_STRINGS = NO;
				SWIFT_VERSION = 5.0;
				TARGETED_DEVICE_FAMILY = "1,2";
				TEST_HOST = "$(BUILT_PRODUCTS_DIR)/Alpaca Blue.app/$(BUNDLE_EXECUTABLE_FOLDER_PATH)/Alpaca Blue";
			};
			name = Release;
		};
		DFC837672948D59A00EDC360 /* Debug */ = {
			isa = XCBuildConfiguration;
			buildSettings = {
				ALWAYS_EMBED_SWIFT_STANDARD_LIBRARIES = YES;
				CODE_SIGN_STYLE = Automatic;
				CURRENT_PROJECT_VERSION = 1;
				DEVELOPMENT_TEAM = R3GM2SBH67;
				GENERATE_INFOPLIST_FILE = YES;
				MARKETING_VERSION = 1.0;
				PRODUCT_BUNDLE_IDENTIFIER = "Seldo.com.Alpaca-BlueUITests";
				PRODUCT_NAME = "$(TARGET_NAME)";
				SWIFT_EMIT_LOC_STRINGS = NO;
				SWIFT_VERSION = 5.0;
				TARGETED_DEVICE_FAMILY = "1,2";
				TEST_TARGET_NAME = "Alpaca Blue";
			};
			name = Debug;
		};
		DFC837682948D59A00EDC360 /* Release */ = {
			isa = XCBuildConfiguration;
			buildSettings = {
				ALWAYS_EMBED_SWIFT_STANDARD_LIBRARIES = YES;
				CODE_SIGN_STYLE = Automatic;
				CURRENT_PROJECT_VERSION = 1;
				DEVELOPMENT_TEAM = R3GM2SBH67;
				GENERATE_INFOPLIST_FILE = YES;
				MARKETING_VERSION = 1.0;
				PRODUCT_BUNDLE_IDENTIFIER = "Seldo.com.Alpaca-BlueUITests";
				PRODUCT_NAME = "$(TARGET_NAME)";
				SWIFT_EMIT_LOC_STRINGS = NO;
				SWIFT_VERSION = 5.0;
				TARGETED_DEVICE_FAMILY = "1,2";
				TEST_TARGET_NAME = "Alpaca Blue";
			};
			name = Release;
		};
/* End XCBuildConfiguration section */

/* Begin XCConfigurationList section */
		DFC837372948D59900EDC360 /* Build configuration list for PBXProject "Alpaca Blue" */ = {
			isa = XCConfigurationList;
			buildConfigurations = (
				DFC8375E2948D59A00EDC360 /* Debug */,
				DFC8375F2948D59A00EDC360 /* Release */,
			);
			defaultConfigurationIsVisible = 0;
			defaultConfigurationName = Release;
		};
		DFC837602948D59A00EDC360 /* Build configuration list for PBXNativeTarget "Alpaca Blue" */ = {
			isa = XCConfigurationList;
			buildConfigurations = (
				DFC837612948D59A00EDC360 /* Debug */,
				DFC837622948D59A00EDC360 /* Release */,
			);
			defaultConfigurationIsVisible = 0;
			defaultConfigurationName = Release;
		};
		DFC837632948D59A00EDC360 /* Build configuration list for PBXNativeTarget "Alpaca BlueTests" */ = {
			isa = XCConfigurationList;
			buildConfigurations = (
				DFC837642948D59A00EDC360 /* Debug */,
				DFC837652948D59A00EDC360 /* Release */,
			);
			defaultConfigurationIsVisible = 0;
			defaultConfigurationName = Release;
		};
		DFC837662948D59A00EDC360 /* Build configuration list for PBXNativeTarget "Alpaca BlueUITests" */ = {
			isa = XCConfigurationList;
			buildConfigurations = (
				DFC837672948D59A00EDC360 /* Debug */,
				DFC837682948D59A00EDC360 /* Release */,
			);
			defaultConfigurationIsVisible = 0;
			defaultConfigurationName = Release;
		};
/* End XCConfigurationList section */
	};
	rootObject = DFC837342948D59900EDC360 /* Project object */;
}
